
Microsoft Visual Studio Solution File, Format Version 12.00
# Visual Studio Version 16
VisualStudioVersion = 16.0.29926.136
MinimumVisualStudioVersion = 10.0.40219.1
Project("{FAE04EC0-301F-11D3-BF4B-00C04F79EFBC}") = "CnxdevsoftUmbraco", "CnxdevsoftUmbraco\CnxdevsoftUmbraco.csproj", "{7A02BD2A-D7BC-4B01-9050-18FCF964DA02}"
EndProject
Global
	GlobalSection(SolutionConfigurationPlatforms) = preSolution
		Debug|Any CPU = Debug|Any CPU
		Release|Any CPU = Release|Any CPU
	EndGlobalSection
	GlobalSection(ProjectConfigurationPlatforms) = postSolution
		{7A02BD2A-D7BC-4B01-9050-18FCF964DA02}.Debug|Any CPU.ActiveCfg = Debug|Any CPU
		{7A02BD2A-D7BC-4B01-9050-18FCF964DA02}.Debug|Any CPU.Build.0 = Debug|Any CPU
		{7A02BD2A-D7BC-4B01-9050-18FCF964DA02}.Release|Any CPU.ActiveCfg = Release|Any CPU
		{7A02BD2A-D7BC-4B01-9050-18FCF964DA02}.Release|Any CPU.Build.0 = Release|Any CPU
	EndGlobalSection
	GlobalSection(SolutionProperties) = preSolution
		HideSolutionNode = FALSE
	EndGlobalSection
	GlobalSection(ExtensibilityGlobals) = postSolution
		SolutionGuid = {90DDE195-21A2-4540-B940-073557B28D39}
	EndGlobalSection
EndGlobal
